Microsoft Visual Studio Solution File, Format Version 11.00
# Visual Studio 2008

Project("{BCAC0254-BB70-980D-E50D-284127649670}") = "World Plugin", "Assembly-CSharp-firstpass.csproj", "{B28542E2-7DB8-23F4-7AF4-3085D5912E91}"
EndProject
Project("{BCAC0254-BB70-980D-E50D-284127649670}") = "World Plugin", "Assembly-CSharp.csproj", "{BFB054FA-80B3-D3BB-B042-1E138B861BBE}"
EndProject
Global
	GlobalSection(SolutionConfigurationPlatforms) = preSolution
		Debug|Any CPU = Debug|Any CPU
		Release|Any CPU = Release|Any CPU
	EndGlobalSection
	GlobalSection(ProjectConfigurationPlatforms) = postSolution
		{B28542E2-7DB8-23F4-7AF4-3085D5912E91}.Debug|Any CPU.ActiveCfg = Debug|Any CPU
		{B28542E2-7DB8-23F4-7AF4-3085D5912E91}.Debug|Any CPU.Build.0 = Debug|Any CPU
		{B28542E2-7DB8-23F4-7AF4-3085D5912E91}.Release|Any CPU.ActiveCfg = Release|Any CPU
		{B28542E2-7DB8-23F4-7AF4-3085D5912E91}.Release|Any CPU.Build.0 = Release|Any CPU
		{BFB054FA-80B3-D3BB-B042-1E138B861BBE}.Debug|Any CPU.ActiveCfg = Debug|Any CPU
		{BFB054FA-80B3-D3BB-B042-1E138B861BBE}.Debug|Any CPU.Build.0 = Debug|Any CPU
		{BFB054FA-80B3-D3BB-B042-1E138B861BBE}.Release|Any CPU.ActiveCfg = Release|Any CPU
		{BFB054FA-80B3-D3BB-B042-1E138B861BBE}.Release|Any CPU.Build.0 = Release|Any CPU
	EndGlobalSection
	GlobalSection(SolutionProperties) = preSolution
		HideSolutionNode = FALSE
	EndGlobalSection
	GlobalSection(MonoDevelopProperties) = preSolution
		StartupItem = Assembly-CSharp.csproj
	EndGlobalSection
EndGlobal
